
Microsoft Visual Studio Solution File, Format Version 12.00
# Visual Studio Version 16
VisualStudioVersion = 16.0.29806.167
MinimumVisualStudioVersion = 10.0.40219.1
Project("{9A19103F-16F7-4668-BE54-9A1E7A4F7556}") = "SRPDemo", "SRPDemo\SRPDemo.csproj", "{B9F6E86E-ADF5-4B8E-9E7C-D2E79A870665}"
EndProject
Project("{9A19103F-16F7-4668-BE54-9A1E7A4F7556}") = "OCPDemo", "OCPDemo\OCPDemo.csproj", "{99BACABE-B968-448C-8DE1-D8163BB719D0}"
EndProject
Project("{9A19103F-16F7-4668-BE54-9A1E7A4F7556}") = "OCPLibrary", "OCPLibrary\OCPLibrary.csproj", "{8F587E4E-A52A-4DC4-BD5A-75ACB2D68522}"
EndProject
Project("{9A19103F-16F7-4668-BE54-9A1E7A4F7556}") = "LSPDemo", "LSPDemo\LSPDemo.csproj", "{0A23421E-8E39-4DE2-8095-12DED60B1CB4}"
EndProject
Project("{9A19103F-16F7-4668-BE54-9A1E7A4F7556}") = "LSPLibrary", "LSPLibrary\LSPLibrary.csproj", "{CDCB32D1-213E-4EE1-BBC8-87773719F69C}"
EndProject
Project("{FAE04EC0-301F-11D3-BF4B-00C04F79EFBC}") = "ISPDemo", "ISPDemo\ISPDemo.csproj", "{56B18A50-8FB3-4E93-8153-F4B8AE066524}"
EndProject
Project("{FAE04EC0-301F-11D3-BF4B-00C04F79EFBC}") = "ISPLibrary", "ISPLibrary\ISPLibrary.csproj", "{07B998E8-FEDE-4FA2-B17C-579E4E4AD25A}"
EndProject
Global
	GlobalSection(SolutionConfigurationPlatforms) = preSolution
		Debug|Any CPU = Debug|Any CPU
		Release|Any CPU = Release|Any CPU
	EndGlobalSection
	GlobalSection(ProjectConfigurationPlatforms) = postSolution
		{B9F6E86E-ADF5-4B8E-9E7C-D2E79A870665}.Debug|Any CPU.ActiveCfg = Debug|Any CPU
		{B9F6E86E-ADF5-4B8E-9E7C-D2E79A870665}.Debug|Any CPU.Build.0 = Debug|Any CPU
		{B9F6E86E-ADF5-4B8E-9E7C-D2E79A870665}.Release|Any CPU.ActiveCfg = Release|Any CPU
		{B9F6E86E-ADF5-4B8E-9E7C-D2E79A870665}.Release|Any CPU.Build.0 = Release|Any CPU
		{99BACABE-B968-448C-8DE1-D8163BB719D0}.Debug|Any CPU.ActiveCfg = Debug|Any CPU
		{99BACABE-B968-448C-8DE1-D8163BB719D0}.Debug|Any CPU.Build.0 = Debug|Any CPU
		{99BACABE-B968-448C-8DE1-D8163BB719D0}.Release|Any CPU.ActiveCfg = Release|Any CPU
		{99BACABE-B968-448C-8DE1-D8163BB719D0}.Release|Any CPU.Build.0 = Release|Any CPU
		{8F587E4E-A52A-4DC4-BD5A-75ACB2D68522}.Debug|Any CPU.ActiveCfg = Debug|Any CPU
		{8F587E4E-A52A-4DC4-BD5A-75ACB2D68522}.Debug|Any CPU.Build.0 = Debug|Any CPU
		{8F587E4E-A52A-4DC4-BD5A-75ACB2D68522}.Release|Any CPU.ActiveCfg = Release|Any CPU
		{8F587E4E-A52A-4DC4-BD5A-75ACB2D68522}.Release|Any CPU.Build.0 = Release|Any CPU
		{0A23421E-8E39-4DE2-8095-12DED60B1CB4}.Debug|Any CPU.ActiveCfg = Debug|Any CPU
		{0A23421E-8E39-4DE2-8095-12DED60B1CB4}.Debug|Any CPU.Build.0 = Debug|Any CPU
		{0A23421E-8E39-4DE2-8095-12DED60B1CB4}.Release|Any CPU.ActiveCfg = Release|Any CPU
		{0A23421E-8E39-4DE2-8095-12DED60B1CB4}.Release|Any CPU.Build.0 = Release|Any CPU
		{CDCB32D1-213E-4EE1-BBC8-87773719F69C}.Debug|Any CPU.ActiveCfg = Debug|Any CPU
		{CDCB32D1-213E-4EE1-BBC8-87773719F69C}.Debug|Any CPU.Build.0 = Debug|Any CPU
		{CDCB32D1-213E-4EE1-BBC8-87773719F69C}.Release|Any CPU.ActiveCfg = Release|Any CPU
		{CDCB32D1-213E-4EE1-BBC8-87773719F69C}.Release|Any CPU.Build.0 = Release|Any CPU
		{56B18A50-8FB3-4E93-8153-F4B8AE066524}.Debug|Any CPU.ActiveCfg = Debug|Any CPU
		{56B18A50-8FB3-4E93-8153-F4B8AE066524}.Debug|Any CPU.Build.0 = Debug|Any CPU
		{56B18A50-8FB3-4E93-8153-F4B8AE066524}.Release|Any CPU.ActiveCfg = Release|Any CPU
		{56B18A50-8FB3-4E93-8153-F4B8AE066524}.Release|Any CPU.Build.0 = Release|Any CPU
		{07B998E8-FEDE-4FA2-B17C-579E4E4AD25A}.Debug|Any CPU.ActiveCfg = Debug|Any CPU
		{07B998E8-FEDE-4FA2-B17C-579E4E4AD25A}.Debug|Any CPU.Build.0 = Debug|Any CPU
		{07B998E8-FEDE-4FA2-B17C-579E4E4AD25A}.Release|Any CPU.ActiveCfg = Release|Any CPU
		{07B998E8-FEDE-4FA2-B17C-579E4E4AD25A}.Release|Any CPU.Build.0 = Release|Any CPU
	EndGlobalSection
	GlobalSection(SolutionProperties) = preSolution
		HideSolutionNode = FALSE
	EndGlobalSection
	GlobalSection(ExtensibilityGlobals) = postSolution
		SolutionGuid = {7E3E0FC8-571E-435C-AA9B-2A38B5182788}
	EndGlobalSection
EndGlobal
